// !$*UTF8*$!
{
	archiveVersion = 1;
	classes = {
	};
	objectVersion = 56;
	objects = {

/* Begin PBXBuildFile section */
		451BEF622A01B33600BC422B /* ToDo_AppApp.swift in Sources */ = {isa = PBXBuildFile; fileRef = 451BEF612A01B33600BC422B /* ToDo_AppApp.swift */; };
		451BEF642A01B33600BC422B /* ContentView.swift in Sources */ = {isa = PBXBuildFile; fileRef = 451BEF632A01B33600BC422B /* ContentView.swift */; };
		451BEF662A01B33700BC422B /* Assets.xcassets in Resources */ = {isa = PBXBuildFile; fileRef = 451BEF652A01B33700BC422B /* Assets.xcassets */; };
		451BEF692A01B33700BC422B /* Preview Assets.xcassets in Resources */ = {isa = PBXBuildFile; fileRef = 451BEF682A01B33700BC422B /* Preview Assets.xcassets */; };
		451BEF732A01B33700BC422B /* ToDo_AppTests.swift in Sources */ = {isa = PBXBuildFile; fileRef = 451BEF722A01B33700BC422B /* ToDo_AppTests.swift */; };
		451BEF7D2A01B33700BC422B /* ToDo_AppUITests.swift in Sources */ = {isa = PBXBuildFile; fileRef = 451BEF7C2A01B33700BC422B /* ToDo_AppUITests.swift */; };
		451BEF7F2A01B33700BC422B /* ToDo_AppUITestsLaunchTests.swift in Sources */ = {isa = PBXBuildFile; fileRef = 451BEF7E2A01B33700BC422B /* ToDo_AppUITestsLaunchTests.swift */; };
		451BEF8F2A01B3EF00BC422B /* FirebaseAnalytics in Frameworks */ = {isa = PBXBuildFile; productRef = 451BEF8E2A01B3EF00BC422B /* FirebaseAnalytics */; };
		451BEF912A01B3EF00BC422B /* FirebaseAnalyticsSwift in Frameworks */ = {isa = PBXBuildFile; productRef = 451BEF902A01B3EF00BC422B /* FirebaseAnalyticsSwift */; };
		451BEF932A01B3EF00BC422B /* FirebaseAppCheck in Frameworks */ = {isa = PBXBuildFile; productRef = 451BEF922A01B3EF00BC422B /* FirebaseAppCheck */; };
		451BEF952A01B3EF00BC422B /* FirebaseAuth in Frameworks */ = {isa = PBXBuildFile; productRef = 451BEF942A01B3EF00BC422B /* FirebaseAuth */; };
		451BEF972A01B3EF00BC422B /* FirebaseCrashlytics in Frameworks */ = {isa = PBXBuildFile; productRef = 451BEF962A01B3EF00BC422B /* FirebaseCrashlytics */; };
		451BEF992A01B3EF00BC422B /* FirebaseDatabase in Frameworks */ = {isa = PBXBuildFile; productRef = 451BEF982A01B3EF00BC422B /* FirebaseDatabase */; };
		451BEF9B2A01B3EF00BC422B /* FirebaseDatabaseSwift in Frameworks */ = {isa = PBXBuildFile; productRef = 451BEF9A2A01B3EF00BC422B /* FirebaseDatabaseSwift */; };
		451BEF9D2A01B3EF00BC422B /* FirebaseDynamicLinks in Frameworks */ = {isa = PBXBuildFile; productRef = 451BEF9C2A01B3EF00BC422B /* FirebaseDynamicLinks */; };
		451BEF9F2A01B3EF00BC422B /* FirebaseFirestore in Frameworks */ = {isa = PBXBuildFile; productRef = 451BEF9E2A01B3EF00BC422B /* FirebaseFirestore */; };
		451BEFA12A01B3EF00BC422B /* FirebaseFirestoreSwift in Frameworks */ = {isa = PBXBuildFile; productRef = 451BEFA02A01B3EF00BC422B /* FirebaseFirestoreSwift */; };
		451BEFA32A01B3EF00BC422B /* FirebaseFunctions in Frameworks */ = {isa = PBXBuildFile; productRef = 451BEFA22A01B3EF00BC422B /* FirebaseFunctions */; };
		451BEFA52A01B3EF00BC422B /* FirebaseInstallations in Frameworks */ = {isa = PBXBuildFile; productRef = 451BEFA42A01B3EF00BC422B /* FirebaseInstallations */; };
		451BEFA72A01B3EF00BC422B /* FirebaseMessaging in Frameworks */ = {isa = PBXBuildFile; productRef = 451BEFA62A01B3EF00BC422B /* FirebaseMessaging */; };
		451BEFA92A01B3EF00BC422B /* FirebasePerformance in Frameworks */ = {isa = PBXBuildFile; productRef = 451BEFA82A01B3EF00BC422B /* FirebasePerformance */; };
		451BEFAB2A01B3EF00BC422B /* FirebaseRemoteConfig in Frameworks */ = {isa = PBXBuildFile; productRef = 451BEFAA2A01B3EF00BC422B /* FirebaseRemoteConfig */; };
		451BEFAD2A01B3EF00BC422B /* FirebaseRemoteConfigSwift in Frameworks */ = {isa = PBXBuildFile; productRef = 451BEFAC2A01B3EF00BC422B /* FirebaseRemoteConfigSwift */; };
		451BEFAF2A01B3EF00BC422B /* FirebaseStorage in Frameworks */ = {isa = PBXBuildFile; productRef = 451BEFAE2A01B3EF00BC422B /* FirebaseStorage */; };
/* End PBXBuildFile section */

/* Begin PBXContainerItemProxy section */
		451BEF6F2A01B33700BC422B /* PBXContainerItemProxy */ = {
			isa = PBXContainerItemProxy;
			containerPortal = 451BEF562A01B33600BC422B /* Project object */;
			proxyType = 1;
			remoteGlobalIDString = 451BEF5D2A01B33600BC422B;
			remoteInfo = "ToDo App";
		};
		451BEF792A01B33700BC422B /* PBXContainerItemProxy */ = {
			isa = PBXContainerItemProxy;
			containerPortal = 451BEF562A01B33600BC422B /* Project object */;
			proxyType = 1;
			remoteGlobalIDString = 451BEF5D2A01B33600BC422B;
			remoteInfo = "ToDo App";
		};
/* End PBXContainerItemProxy section */

/* Begin PBXFileReference section */
		451BEF5E2A01B33600BC422B /* ToDo App.app */ = {isa = PBXFileReference; explicitFileType = wrapper.application; includeInIndex = 0; path = "ToDo App.app"; sourceTree = BUILT_PRODUCTS_DIR; };
		451BEF612A01B33600BC422B /* ToDo_AppApp.swift */ = {isa = PBXFileReference; lastKnownFileType = sourcecode.swift; path = ToDo_AppApp.swift; sourceTree = "<group>"; };
		451BEF632A01B33600BC422B /* ContentView.swift */ = {isa = PBXFileReference; lastKnownFileType = sourcecode.swift; path = ContentView.swift; sourceTree = "<group>"; };
		451BEF652A01B33700BC422B /* Assets.xcassets */ = {isa = PBXFileReference; lastKnownFileType = folder.assetcatalog; path = Assets.xcassets; sourceTree = "<group>"; };
		451BEF682A01B33700BC422B /* Preview Assets.xcassets */ = {isa = PBXFileReference; lastKnownFileType = folder.assetcatalog; path = "Preview Assets.xcassets"; sourceTree = "<group>"; };
		451BEF6E2A01B33700BC422B /* ToDo AppTests.xctest */ = {isa = PBXFileReference; explicitFileType = wrapper.cfbundle; includeInIndex = 0; path = "ToDo AppTests.xctest"; sourceTree = BUILT_PRODUCTS_DIR; };
		451BEF722A01B33700BC422B /* ToDo_AppTests.swift */ = {isa = PBXFileReference; lastKnownFileType = sourcecode.swift; path = ToDo_AppTests.swift; sourceTree = "<group>"; };
		451BEF782A01B33700BC422B /* ToDo AppUITests.xctest */ = {isa = PBXFileReference; explicitFileType = wrapper.cfbundle; includeInIndex = 0; path = "ToDo AppUITests.xctest"; sourceTree = BUILT_PRODUCTS_DIR; };
		451BEF7C2A01B33700BC422B /* ToDo_AppUITests.swift */ = {isa = PBXFileReference; lastKnownFileType = sourcecode.swift; path = ToDo_AppUITests.swift; sourceTree = "<group>"; };
		451BEF7E2A01B33700BC422B /* ToDo_AppUITestsLaunchTests.swift */ = {isa = PBXFileReference; lastKnownFileType = sourcecode.swift; path = ToDo_AppUITestsLaunchTests.swift; sourceTree = "<group>"; };
/* End PBXFileReference section */

/* Begin PBXFrameworksBuildPhase section */
		451BEF5B2A01B33600BC422B /* Frameworks */ = {
			isa = PBXFrameworksBuildPhase;
			buildActionMask = 2147483647;
			files = (
				451BEFA92A01B3EF00BC422B /* FirebasePerformance in Frameworks */,
				451BEF9B2A01B3EF00BC422B /* FirebaseDatabaseSwift in Frameworks */,
				451BEF992A01B3EF00BC422B /* FirebaseDatabase in Frameworks */,
				451BEF912A01B3EF00BC422B /* FirebaseAnalyticsSwift in Frameworks */,
				451BEFA52A01B3EF00BC422B /* FirebaseInstallations in Frameworks */,
				451BEF9D2A01B3EF00BC422B /* FirebaseDynamicLinks in Frameworks */,
				451BEF932A01B3EF00BC422B /* FirebaseAppCheck in Frameworks */,
				451BEFA12A01B3EF00BC422B /* FirebaseFirestoreSwift in Frameworks */,
				451BEF9F2A01B3EF00BC422B /* FirebaseFirestore in Frameworks */,
				451BEFAD2A01B3EF00BC422B /* FirebaseRemoteConfigSwift in Frameworks */,
				451BEFAB2A01B3EF00BC422B /* FirebaseRemoteConfig in Frameworks */,
				451BEFA72A01B3EF00BC422B /* FirebaseMessaging in Frameworks */,
				451BEFAF2A01B3EF00BC422B /* FirebaseStorage in Frameworks */,
				451BEF972A01B3EF00BC422B /* FirebaseCrashlytics in Frameworks */,
				451BEF8F2A01B3EF00BC422B /* FirebaseAnalytics in Frameworks */,
				451BEFA32A01B3EF00BC422B /* FirebaseFunctions in Frameworks */,
				451BEF952A01B3EF00BC422B /* FirebaseAuth in Frameworks */,
			);
			runOnlyForDeploymentPostprocessing = 0;
		};
		451BEF6B2A01B33700BC422B /* Frameworks */ = {
			isa = PBXFrameworksBuildPhase;
			buildActionMask = 2147483647;
			files = (
			);
			runOnlyForDeploymentPostprocessing = 0;
		};
		451BEF752A01B33700BC422B /* Frameworks */ = {
			isa = PBXFrameworksBuildPhase;
			buildActionMask = 2147483647;
			files = (
			);
			runOnlyForDeploymentPostprocessing = 0;
		};
/* End PBXFrameworksBuildPhase section */

/* Begin PBXGroup section */
		451BEF552A01B33600BC422B = {
			isa = PBXGroup;
			children = (
				451BEF602A01B33600BC422B /* ToDo App */,
				451BEF712A01B33700BC422B /* ToDo AppTests */,
				451BEF7B2A01B33700BC422B /* ToDo AppUITests */,
				451BEF5F2A01B33600BC422B /* Products */,
			);
			sourceTree = "<group>";
		};
		451BEF5F2A01B33600BC422B /* Products */ = {
			isa = PBXGroup;
			children = (
				451BEF5E2A01B33600BC422B /* ToDo App.app */,
				451BEF6E2A01B33700BC422B /* ToDo AppTests.xctest */,
				451BEF782A01B33700BC422B /* ToDo AppUITests.xctest */,
			);
			name = Products;
			sourceTree = "<group>";
		};
		451BEF602A01B33600BC422B /* ToDo App */ = {
			isa = PBXGroup;
			children = (
				451BEFB02A01B46F00BC422B /* Models */,
				451BEF8C2A01B34600BC422B /* ViewModels */,
				451BEF8B2A01B34000BC422B /* Views */,
				451BEF612A01B33600BC422B /* ToDo_AppApp.swift */,
				451BEF632A01B33600BC422B /* ContentView.swift */,
				451BEF652A01B33700BC422B /* Assets.xcassets */,
				451BEF672A01B33700BC422B /* Preview Content */,
			);
			path = "ToDo App";
			sourceTree = "<group>";
		};
		451BEF672A01B33700BC422B /* Preview Content */ = {
			isa = PBXGroup;
			children = (
				451BEF682A01B33700BC422B /* Preview Assets.xcassets */,
			);
			path = "Preview Content";
			sourceTree = "<group>";
		};
		451BEF712A01B33700BC422B /* ToDo AppTests */ = {
			isa = PBXGroup;
			children = (
				451BEF722A01B33700BC422B /* ToDo_AppTests.swift */,
			);
			path = "ToDo AppTests";
			sourceTree = "<group>";
		};
		451BEF7B2A01B33700BC422B /* ToDo AppUITests */ = {
			isa = PBXGroup;
			children = (
				451BEF7C2A01B33700BC422B /* ToDo_AppUITests.swift */,
				451BEF7E2A01B33700BC422B /* ToDo_AppUITestsLaunchTests.swift */,
			);
			path = "ToDo AppUITests";
			sourceTree = "<group>";
		};
		451BEF8B2A01B34000BC422B /* Views */ = {
			isa = PBXGroup;
			children = (
			);
			path = Views;
			sourceTree = "<group>";
		};
		451BEF8C2A01B34600BC422B /* ViewModels */ = {
			isa = PBXGroup;
			children = (
			);
			path = ViewModels;
			sourceTree = "<group>";
		};
		451BEFB02A01B46F00BC422B /* Models */ = {
			isa = PBXGroup;
			children = (
			);
			path = Models;
			sourceTree = "<group>";
		};
/* End PBXGroup section */

/* Begin PBXNativeTarget section */
		451BEF5D2A01B33600BC422B /* ToDo App */ = {
			isa = PBXNativeTarget;
			buildConfigurationList = 451BEF822A01B33700BC422B /* Build configuration list for PBXNativeTarget "ToDo App" */;
			buildPhases = (
				451BEF5A2A01B33600BC422B /* Sources */,
				451BEF5B2A01B33600BC422B /* Frameworks */,
				451BEF5C2A01B33600BC422B /* Resources */,
			);
			buildRules = (
			);
			dependencies = (
			);
			name = "ToDo App";
			packageProductDependencies = (
				451BEF8E2A01B3EF00BC422B /* FirebaseAnalytics */,
				451BEF902A01B3EF00BC422B /* FirebaseAnalyticsSwift */,
				451BEF922A01B3EF00BC422B /* FirebaseAppCheck */,
				451BEF942A01B3EF00BC422B /* FirebaseAuth */,
				451BEF962A01B3EF00BC422B /* FirebaseCrashlytics */,
				451BEF982A01B3EF00BC422B /* FirebaseDatabase */,
				451BEF9A2A01B3EF00BC422B /* FirebaseDatabaseSwift */,
				451BEF9C2A01B3EF00BC422B /* FirebaseDynamicLinks */,
				451BEF9E2A01B3EF00BC422B /* FirebaseFirestore */,
				451BEFA02A01B3EF00BC422B /* FirebaseFirestoreSwift */,
				451BEFA22A01B3EF00BC422B /* FirebaseFunctions */,
				451BEFA42A01B3EF00BC422B /* FirebaseInstallations */,
				451BEFA62A01B3EF00BC422B /* FirebaseMessaging */,
				451BEFA82A01B3EF00BC422B /* FirebasePerformance */,
				451BEFAA2A01B3EF00BC422B /* FirebaseRemoteConfig */,
				451BEFAC2A01B3EF00BC422B /* FirebaseRemoteConfigSwift */,
				451BEFAE2A01B3EF00BC422B /* FirebaseStorage */,
			);
			productName = "ToDo App";
			productReference = 451BEF5E2A01B33600BC422B /* ToDo App.app */;
			productType = "com.apple.product-type.application";
		};
		451BEF6D2A01B33700BC422B /* ToDo AppTests */ = {
			isa = PBXNativeTarget;
			buildConfigurationList = 451BEF852A01B33700BC422B /* Build configuration list for PBXNativeTarget "ToDo AppTests" */;
			buildPhases = (
				451BEF6A2A01B33700BC422B /* Sources */,
				451BEF6B2A01B33700BC422B /* Frameworks */,
				451BEF6C2A01B33700BC422B /* Resources */,
			);
			buildRules = (
			);
			dependencies = (
				451BEF702A01B33700BC422B /* PBXTargetDependency */,
			);
			name = "ToDo AppTests";
			productName = "ToDo AppTests";
			productReference = 451BEF6E2A01B33700BC422B /* ToDo AppTests.xctest */;
			productType = "com.apple.product-type.bundle.unit-test";
		};
		451BEF772A01B33700BC422B /* ToDo AppUITests */ = {
			isa = PBXNativeTarget;
			buildConfigurationList = 451BEF882A01B33700BC422B /* Build configuration list for PBXNativeTarget "ToDo AppUITests" */;
			buildPhases = (
				451BEF742A01B33700BC422B /* Sources */,
				451BEF752A01B33700BC422B /* Frameworks */,
				451BEF762A01B33700BC422B /* Resources */,
			);
			buildRules = (
			);
			dependencies = (
				451BEF7A2A01B33700BC422B /* PBXTargetDependency */,
			);
			name = "ToDo AppUITests";
			productName = "ToDo AppUITests";
			productReference = 451BEF782A01B33700BC422B /* ToDo AppUITests.xctest */;
			productType = "com.apple.product-type.bundle.ui-testing";
		};
/* End PBXNativeTarget section */

/* Begin PBXProject section */
		451BEF562A01B33600BC422B /* Project object */ = {
			isa = PBXProject;
			attributes = {
				BuildIndependentTargetsInParallel = 1;
				LastSwiftUpdateCheck = 1400;
				LastUpgradeCheck = 1400;
				TargetAttributes = {
					451BEF5D2A01B33600BC422B = {
						CreatedOnToolsVersion = 14.0;
					};
					451BEF6D2A01B33700BC422B = {
						CreatedOnToolsVersion = 14.0;
						TestTargetID = 451BEF5D2A01B33600BC422B;
					};
					451BEF772A01B33700BC422B = {
						CreatedOnToolsVersion = 14.0;
						TestTargetID = 451BEF5D2A01B33600BC422B;
					};
				};
			};
			buildConfigurationList = 451BEF592A01B33600BC422B /* Build configuration list for PBXProject "ToDo App" */;
			compatibilityVersion = "Xcode 14.0";
			developmentRegion = en;
			hasScannedForEncodings = 0;
			knownRegions = (
				en,
				Base,
			);
			mainGroup = 451BEF552A01B33600BC422B;
			packageReferences = (
				451BEF8D2A01B3EF00BC422B /* XCRemoteSwiftPackageReference "firebase-ios-sdk" */,
			);
			productRefGroup = 451BEF5F2A01B33600BC422B /* Products */;
			projectDirPath = "";
			projectRoot = "";
			targets = (
				451BEF5D2A01B33600BC422B /* ToDo App */,
				451BEF6D2A01B33700BC422B /* ToDo AppTests */,
				451BEF772A01B33700BC422B /* ToDo AppUITests */,
			);
		};
/* End PBXProject section */

/* Begin PBXResourcesBuildPhase section */
		451BEF5C2A01B33600BC422B /* Resources */ = {
			isa = PBXResourcesBuildPhase;
			buildActionMask = 2147483647;
			files = (
				451BEF692A01B33700BC422B /* Preview Assets.xcassets in Resources */,
				451BEF662A01B33700BC422B /* Assets.xcassets in Resources */,
			);
			runOnlyForDeploymentPostprocessing = 0;
		};
		451BEF6C2A01B33700BC422B /* Resources */ = {
			isa = PBXResourcesBuildPhase;
			buildActionMask = 2147483647;
			files = (
			);
			runOnlyForDeploymentPostprocessing = 0;
		};
		451BEF762A01B33700BC422B /* Resources */ = {
			isa = PBXResourcesBuildPhase;
			buildActionMask = 2147483647;
			files = (
			);
			runOnlyForDeploymentPostprocessing = 0;
		};
/* End PBXResourcesBuildPhase section */

/* Begin PBXSourcesBuildPhase section */
		451BEF5A2A01B33600BC422B /* Sources */ = {
			isa = PBXSourcesBuildPhase;
			buildActionMask = 2147483647;
			files = (
				451BEF642A01B33600BC422B /* ContentView.swift in Sources */,
				451BEF622A01B33600BC422B /* ToDo_AppApp.swift in Sources */,
			);
			runOnlyForDeploymentPostprocessing = 0;
		};
		451BEF6A2A01B33700BC422B /* Sources */ = {
			isa = PBXSourcesBuildPhase;
			buildActionMask = 2147483647;
			files = (
				451BEF732A01B33700BC422B /* ToDo_AppTests.swift in Sources */,
			);
			runOnlyForDeploymentPostprocessing = 0;
		};
		451BEF742A01B33700BC422B /* Sources */ = {
			isa = PBXSourcesBuildPhase;
			buildActionMask = 2147483647;
			files = (
				451BEF7F2A01B33700BC422B /* ToDo_AppUITestsLaunchTests.swift in Sources */,
				451BEF7D2A01B33700BC422B /* ToDo_AppUITests.swift in Sources */,
			);
			runOnlyForDeploymentPostprocessing = 0;
		};
/* End PBXSourcesBuildPhase section */

/* Begin PBXTargetDependency section */
		451BEF702A01B33700BC422B /* PBXTargetDependency */ = {
			isa = PBXTargetDependency;
			target = 451BEF5D2A01B33600BC422B /* ToDo App */;
			targetProxy = 451BEF6F2A01B33700BC422B /* PBXContainerItemProxy */;
		};
		451BEF7A2A01B33700BC422B /* PBXTargetDependency */ = {
			isa = PBXTargetDependency;
			target = 451BEF5D2A01B33600BC422B /* ToDo App */;
			targetProxy = 451BEF792A01B33700BC422B /* PBXContainerItemProxy */;
		};
/* End PBXTargetDependency section */

/* Begin XCBuildConfiguration section */
		451BEF802A01B33700BC422B /* Debug */ = {
			isa = XCBuildConfiguration;
			buildSettings = {
				ALWAYS_SEARCH_USER_PATHS = NO;
				CLANG_ANALYZER_NONNULL = YES;
				CLANG_ANALYZER_NUMBER_OBJECT_CONVERSION = YES_AGGRESSIVE;
				CLANG_CXX_LANGUAGE_STANDARD = "gnu++20";
				CLANG_ENABLE_MODULES = YES;
				CLANG_ENABLE_OBJC_ARC = YES;
				CLANG_ENABLE_OBJC_WEAK = YES;
				CLANG_WARN_BLOCK_CAPTURE_AUTORELEASING = YES;
				CLANG_WARN_BOOL_CONVERSION = YES;
				CLANG_WARN_COMMA = YES;
				CLANG_WARN_CONSTANT_CONVERSION = YES;
				CLANG_WARN_DEPRECATED_OBJC_IMPLEMENTATIONS = YES;
				CLANG_WARN_DIRECT_OBJC_ISA_USAGE = YES_ERROR;
				CLANG_WARN_DOCUMENTATION_COMMENTS = YES;
				CLANG_WARN_EMPTY_BODY = YES;
				CLANG_WARN_ENUM_CONVERSION = YES;
				CLANG_WARN_INFINITE_RECURSION = YES;
				CLANG_WARN_INT_CONVERSION = YES;
				CLANG_WARN_NON_LITERAL_NULL_CONVERSION = YES;
				CLANG_WARN_OBJC_IMPLICIT_RETAIN_SELF = YES;
				CLANG_WARN_OBJC_LITERAL_CONVERSION = YES;
				CLANG_WARN_OBJC_ROOT_CLASS = YES_ERROR;
				CLANG_WARN_QUOTED_INCLUDE_IN_FRAMEWORK_HEADER = YES;
				CLANG_WARN_RANGE_LOOP_ANALYSIS = YES;
				CLANG_WARN_STRICT_PROTOTYPES = YES;
				CLANG_WARN_SUSPICIOUS_MOVE = YES;
				CLANG_WARN_UNGUARDED_AVAILABILITY = YES_AGGRESSIVE;
				CLANG_WARN_UNREACHABLE_CODE = YES;
				CLANG_WARN__DUPLICATE_METHOD_MATCH = YES;
				COPY_PHASE_STRIP = NO;
				DEBUG_INFORMATION_FORMAT = dwarf;
				ENABLE_STRICT_OBJC_MSGSEND = YES;
				ENABLE_TESTABILITY = YES;
				GCC_C_LANGUAGE_STANDARD = gnu11;
				GCC_DYNAMIC_NO_PIC = NO;
				GCC_NO_COMMON_BLOCKS = YES;
				GCC_OPTIMIZATION_LEVEL = 0;
				GCC_PREPROCESSOR_DEFINITIONS = (
					"DEBUG=1",
					"$(inherited)",
				);
				GCC_WARN_64_TO_32_BIT_CONVERSION = YES;
				GCC_WARN_ABOUT_RETURN_TYPE = YES_ERROR;
				GCC_WARN_UNDECLARED_SELECTOR = YES;
				GCC_WARN_UNINITIALIZED_AUTOS = YES_AGGRESSIVE;
				GCC_WARN_UNUSED_FUNCTION = YES;
				GCC_WARN_UNUSED_VARIABLE = YES;
				IPHONEOS_DEPLOYMENT_TARGET = 16.0;
				MTL_ENABLE_DEBUG_INFO = INCLUDE_SOURCE;
				MTL_FAST_MATH = YES;
				ONLY_ACTIVE_ARCH = YES;
				SDKROOT = iphoneos;
				SWIFT_ACTIVE_COMPILATION_CONDITIONS = DEBUG;
				SWIFT_OPTIMIZATION_LEVEL = "-Onone";
			};
			name = Debug;
		};
		451BEF812A01B33700BC422B /* Release */ = {
			isa = XCBuildConfiguration;
			buildSettings = {
				ALWAYS_SEARCH_USER_PATHS = NO;
				CLANG_ANALYZER_NONNULL = YES;
				CLANG_ANALYZER_NUMBER_OBJECT_CONVERSION = YES_AGGRESSIVE;
				CLANG_CXX_LANGUAGE_STANDARD = "gnu++20";
				CLANG_ENABLE_MODULES = YES;
				CLANG_ENABLE_OBJC_ARC = YES;
				CLANG_ENABLE_OBJC_WEAK = YES;
				CLANG_WARN_BLOCK_CAPTURE_AUTORELEASING = YES;
				CLANG_WARN_BOOL_CONVERSION = YES;
				CLANG_WARN_COMMA = YES;
				CLANG_WARN_CONSTANT_CONVERSION = YES;
				CLANG_WARN_DEPRECATED_OBJC_IMPLEMENTATIONS = YES;
				CLANG_WARN_DIRECT_OBJC_ISA_USAGE = YES_ERROR;
				CLANG_WARN_DOCUMENTATION_COMMENTS = YES;
				CLANG_WARN_EMPTY_BODY = YES;
				CLANG_WARN_ENUM_CONVERSION = YES;
				CLANG_WARN_INFINITE_RECURSION = YES;
				CLANG_WARN_INT_CONVERSION = YES;
				CLANG_WARN_NON_LITERAL_NULL_CONVERSION = YES;
				CLANG_WARN_OBJC_IMPLICIT_RETAIN_SELF = YES;
				CLANG_WARN_OBJC_LITERAL_CONVERSION = YES;
				CLANG_WARN_OBJC_ROOT_CLASS = YES_ERROR;
				CLANG_WARN_QUOTED_INCLUDE_IN_FRAMEWORK_HEADER = YES;
				CLANG_WARN_RANGE_LOOP_ANALYSIS = YES;
				CLANG_WARN_STRICT_PROTOTYPES = YES;
				CLANG_WARN_SUSPICIOUS_MOVE = YES;
				CLANG_WARN_UNGUARDED_AVAILABILITY = YES_AGGRESSIVE;
				CLANG_WARN_UNREACHABLE_CODE = YES;
				CLANG_WARN__DUPLICATE_METHOD_MATCH = YES;
				COPY_PHASE_STRIP = NO;
				DEBUG_INFORMATION_FORMAT = "dwarf-with-dsym";
				ENABLE_NS_ASSERTIONS = NO;
				ENABLE_STRICT_OBJC_MSGSEND = YES;
				GCC_C_LANGUAGE_STANDARD = gnu11;
				GCC_NO_COMMON_BLOCKS = YES;
				GCC_WARN_64_TO_32_BIT_CONVERSION = YES;
				GCC_WARN_ABOUT_RETURN_TYPE = YES_ERROR;
				GCC_WARN_UNDECLARED_SELECTOR = YES;
				GCC_WARN_UNINITIALIZED_AUTOS = YES_AGGRESSIVE;
				GCC_WARN_UNUSED_FUNCTION = YES;
				GCC_WARN_UNUSED_VARIABLE = YES;
				IPHONEOS_DEPLOYMENT_TARGET = 16.0;
				MTL_ENABLE_DEBUG_INFO = NO;
				MTL_FAST_MATH = YES;
				SDKROOT = iphoneos;
				SWIFT_COMPILATION_MODE = wholemodule;
				SWIFT_OPTIMIZATION_LEVEL = "-O";
				VALIDATE_PRODUCT = YES;
			};
			name = Release;
		};
		451BEF832A01B33700BC422B /* Debug */ = {
			isa = XCBuildConfiguration;
			buildSettings = {
				ASSETCATALOG_COMPILER_APPICON_NAME = AppIcon;
				ASSETCATALOG_COMPILER_GLOBAL_ACCENT_COLOR_NAME = AccentColor;
				CODE_SIGN_STYLE = Automatic;
				CURRENT_PROJECT_VERSION = 1;
				DEVELOPMENT_ASSET_PATHS = "\"ToDo App/Preview Content\"";
				DEVELOPMENT_TEAM = W9XK5QCSDC;
				ENABLE_PREVIEWS = YES;
				GENERATE_INFOPLIST_FILE = YES;
				INFOPLIST_KEY_UIApplicationSceneManifest_Generation = YES;
				INFOPLIST_KEY_UIApplicationSupportsIndirectInputEvents = YES;
				INFOPLIST_KEY_UILaunchScreen_Generation = YES;
				INFOPLIST_KEY_UISupportedInterfaceOrientations_iPad = "UIInterfaceOrientationPortrait UIInterfaceOrientationPortraitUpsideDown UIInterfaceOrientationLandscapeLeft UIInterfaceOrientationLandscapeRight";
				INFOPLIST_KEY_UISupportedInterfaceOrientations_iPhone = "UIInterfaceOrientationPortrait UIInterfaceOrientationLandscapeLeft UIInterfaceOrientationLandscapeRight";
				LD_RUNPATH_SEARCH_PATHS = (
					"$(inherited)",
					"@executable_path/Frameworks",
				);
				MARKETING_VERSION = 1.0;
				PRODUCT_BUNDLE_IDENTIFIER = "com.beldi.ios-todoapp.ToDo-App";
				PRODUCT_NAME = "$(TARGET_NAME)";
				SWIFT_EMIT_LOC_STRINGS = YES;
				SWIFT_VERSION = 5.0;
				TARGETED_DEVICE_FAMILY = "1,2";
			};
			name = Debug;
		};
		451BEF842A01B33700BC422B /* Release */ = {
			isa = XCBuildConfiguration;
			buildSettings = {
				ASSETCATALOG_COMPILER_APPICON_NAME = AppIcon;
				ASSETCATALOG_COMPILER_GLOBAL_ACCENT_COLOR_NAME = AccentColor;
				CODE_SIGN_STYLE = Automatic;
				CURRENT_PROJECT_VERSION = 1;
				DEVELOPMENT_ASSET_PATHS = "\"ToDo App/Preview Content\"";
				DEVELOPMENT_TEAM = W9XK5QCSDC;
				ENABLE_PREVIEWS = YES;
				GENERATE_INFOPLIST_FILE = YES;
				INFOPLIST_KEY_UIApplicationSceneManifest_Generation = YES;
				INFOPLIST_KEY_UIApplicationSupportsIndirectInputEvents = YES;
				INFOPLIST_KEY_UILaunchScreen_Generation = YES;
				INFOPLIST_KEY_UISupportedInterfaceOrientations_iPad = "UIInterfaceOrientationPortrait UIInterfaceOrientationPortraitUpsideDown UIInterfaceOrientationLandscapeLeft UIInterfaceOrientationLandscapeRight";
				INFOPLIST_KEY_UISupportedInterfaceOrientations_iPhone = "UIInterfaceOrientationPortrait UIInterfaceOrientationLandscapeLeft UIInterfaceOrientationLandscapeRight";
				LD_RUNPATH_SEARCH_PATHS = (
					"$(inherited)",
					"@executable_path/Frameworks",
				);
				MARKETING_VERSION = 1.0;
				PRODUCT_BUNDLE_IDENTIFIER = "com.beldi.ios-todoapp.ToDo-App";
				PRODUCT_NAME = "$(TARGET_NAME)";
				SWIFT_EMIT_LOC_STRINGS = YES;
				SWIFT_VERSION = 5.0;
				TARGETED_DEVICE_FAMILY = "1,2";
			};
			name = Release;
		};
		451BEF862A01B33700BC422B /* Debug */ = {
			isa = XCBuildConfiguration;
			buildSettings = {
				ALWAYS_EMBED_SWIFT_STANDARD_LIBRARIES = YES;
				BUNDLE_LOADER = "$(TEST_HOST)";
				CODE_SIGN_STYLE = Automatic;
				CURRENT_PROJECT_VERSION = 1;
				DEVELOPMENT_TEAM = W9XK5QCSDC;
				GENERATE_INFOPLIST_FILE = YES;
				IPHONEOS_DEPLOYMENT_TARGET = 16.0;
				MARKETING_VERSION = 1.0;
				PRODUCT_BUNDLE_IDENTIFIER = "com.beldi.ios-todoapp.ToDo-AppTests";
				PRODUCT_NAME = "$(TARGET_NAME)";
				SWIFT_EMIT_LOC_STRINGS = NO;
				SWIFT_VERSION = 5.0;
				TARGETED_DEVICE_FAMILY = "1,2";
				TEST_HOST = "$(BUILT_PRODUCTS_DIR)/ToDo App.app/$(BUNDLE_EXECUTABLE_FOLDER_PATH)/ToDo App";
			};
			name = Debug;
		};
		451BEF872A01B33700BC422B /* Release */ = {
			isa = XCBuildConfiguration;
			buildSettings = {
				ALWAYS_EMBED_SWIFT_STANDARD_LIBRARIES = YES;
				BUNDLE_LOADER = "$(TEST_HOST)";
				CODE_SIGN_STYLE = Automatic;
				CURRENT_PROJECT_VERSION = 1;
				DEVELOPMENT_TEAM = W9XK5QCSDC;
				GENERATE_INFOPLIST_FILE = YES;
				IPHONEOS_DEPLOYMENT_TARGET = 16.0;
				MARKETING_VERSION = 1.0;
				PRODUCT_BUNDLE_IDENTIFIER = "com.beldi.ios-todoapp.ToDo-AppTests";
				PRODUCT_NAME = "$(TARGET_NAME)";
				SWIFT_EMIT_LOC_STRINGS = NO;
				SWIFT_VERSION = 5.0;
				TARGETED_DEVICE_FAMILY = "1,2";
				TEST_HOST = "$(BUILT_PRODUCTS_DIR)/ToDo App.app/$(BUNDLE_EXECUTABLE_FOLDER_PATH)/ToDo App";
			};
			name = Release;
		};
		451BEF892A01B33700BC422B /* Debug */ = {
			isa = XCBuildConfiguration;
			buildSettings = {
				ALWAYS_EMBED_SWIFT_STANDARD_LIBRARIES = YES;
				CODE_SIGN_STYLE = Automatic;
				CURRENT_PROJECT_VERSION = 1;
				DEVELOPMENT_TEAM = W9XK5QCSDC;
				GENERATE_INFOPLIST_FILE = YES;
				MARKETING_VERSION = 1.0;
				PRODUCT_BUNDLE_IDENTIFIER = "com.beldi.ios-todoapp.ToDo-AppUITests";
				PRODUCT_NAME = "$(TARGET_NAME)";
				SWIFT_EMIT_LOC_STRINGS = NO;
				SWIFT_VERSION = 5.0;
				TARGETED_DEVICE_FAMILY = "1,2";
				TEST_TARGET_NAME = "ToDo App";
			};
			name = Debug;
		};
		451BEF8A2A01B33700BC422B /* Release */ = {
			isa = XCBuildConfiguration;
			buildSettings = {
				ALWAYS_EMBED_SWIFT_STANDARD_LIBRARIES = YES;
				CODE_SIGN_STYLE = Automatic;
				CURRENT_PROJECT_VERSION = 1;
				DEVELOPMENT_TEAM = W9XK5QCSDC;
				GENERATE_INFOPLIST_FILE = YES;
				MARKETING_VERSION = 1.0;
				PRODUCT_BUNDLE_IDENTIFIER = "com.beldi.ios-todoapp.ToDo-AppUITests";
				PRODUCT_NAME = "$(TARGET_NAME)";
				SWIFT_EMIT_LOC_STRINGS = NO;
				SWIFT_VERSION = 5.0;
				TARGETED_DEVICE_FAMILY = "1,2";
				TEST_TARGET_NAME = "ToDo App";
			};
			name = Release;
		};
/* End XCBuildConfiguration section */

/* Begin XCConfigurationList section */
		451BEF592A01B33600BC422B /* Build configuration list for PBXProject "ToDo App" */ = {
			isa = XCConfigurationList;
			buildConfigurations = (
				451BEF802A01B33700BC422B /* Debug */,
				451BEF812A01B33700BC422B /* Release */,
			);
			defaultConfigurationIsVisible = 0;
			defaultConfigurationName = Release;
		};
		451BEF822A01B33700BC422B /* Build configuration list for PBXNativeTarget "ToDo App" */ = {
			isa = XCConfigurationList;
			buildConfigurations = (
				451BEF832A01B33700BC422B /* Debug */,
				451BEF842A01B33700BC422B /* Release */,
			);
			defaultConfigurationIsVisible = 0;
			defaultConfigurationName = Release;
		};
		451BEF852A01B33700BC422B /* Build configuration list for PBXNativeTarget "ToDo AppTests" */ = {
			isa = XCConfigurationList;
			buildConfigurations = (
				451BEF862A01B33700BC422B /* Debug */,
				451BEF872A01B33700BC422B /* Release */,
			);
			defaultConfigurationIsVisible = 0;
			defaultConfigurationName = Release;
		};
		451BEF882A01B33700BC422B /* Build configuration list for PBXNativeTarget "ToDo AppUITests" */ = {
			isa = XCConfigurationList;
			buildConfigurations = (
				451BEF892A01B33700BC422B /* Debug */,
				451BEF8A2A01B33700BC422B /* Release */,
			);
			defaultConfigurationIsVisible = 0;
			defaultConfigurationName = Release;
		};
/* End XCConfigurationList section */

/* Begin XCRemoteSwiftPackageReference section */
		451BEF8D2A01B3EF00BC422B /* XCRemoteSwiftPackageReference "firebase-ios-sdk" */ = {
			isa = XCRemoteSwiftPackageReference;
			repositoryURL = "https://github.com/firebase/firebase-ios-sdk.git";
			requirement = {
				branch = master;
				kind = branch;
			};
		};
/* End XCRemoteSwiftPackageReference section */

/* Begin XCSwiftPackageProductDependency section */
		451BEF8E2A01B3EF00BC422B /* FirebaseAnalytics */ = {
			isa = XCSwiftPackageProductDependency;
			package = 451BEF8D2A01B3EF00BC422B /* XCRemoteSwiftPackageReference "firebase-ios-sdk" */;
			productName = FirebaseAnalytics;
		};
		451BEF902A01B3EF00BC422B /* FirebaseAnalyticsSwift */ = {
			isa = XCSwiftPackageProductDependency;
			package = 451BEF8D2A01B3EF00BC422B /* XCRemoteSwiftPackageReference "firebase-ios-sdk" */;
			productName = FirebaseAnalyticsSwift;
		};
		451BEF922A01B3EF00BC422B /* FirebaseAppCheck */ = {
			isa = XCSwiftPackageProductDependency;
			package = 451BEF8D2A01B3EF00BC422B /* XCRemoteSwiftPackageReference "firebase-ios-sdk" */;
			productName = FirebaseAppCheck;
		};
		451BEF942A01B3EF00BC422B /* FirebaseAuth */ = {
			isa = XCSwiftPackageProductDependency;
			package = 451BEF8D2A01B3EF00BC422B /* XCRemoteSwiftPackageReference "firebase-ios-sdk" */;
			productName = FirebaseAuth;
		};
		451BEF962A01B3EF00BC422B /* FirebaseCrashlytics */ = {
			isa = XCSwiftPackageProductDependency;
			package = 451BEF8D2A01B3EF00BC422B /* XCRemoteSwiftPackageReference "firebase-ios-sdk" */;
			productName = FirebaseCrashlytics;
		};
		451BEF982A01B3EF00BC422B /* FirebaseDatabase */ = {
			isa = XCSwiftPackageProductDependency;
			package = 451BEF8D2A01B3EF00BC422B /* XCRemoteSwiftPackageReference "firebase-ios-sdk" */;
			productName = FirebaseDatabase;
		};
		451BEF9A2A01B3EF00BC422B /* FirebaseDatabaseSwift */ = {
			isa = XCSwiftPackageProductDependency;
			package = 451BEF8D2A01B3EF00BC422B /* XCRemoteSwiftPackageReference "firebase-ios-sdk" */;
			productName = FirebaseDatabaseSwift;
		};
		451BEF9C2A01B3EF00BC422B /* FirebaseDynamicLinks */ = {
			isa = XCSwiftPackageProductDependency;
			package = 451BEF8D2A01B3EF00BC422B /* XCRemoteSwiftPackageReference "firebase-ios-sdk" */;
			productName = FirebaseDynamicLinks;
		};
		451BEF9E2A01B3EF00BC422B /* FirebaseFirestore */ = {
			isa = XCSwiftPackageProductDependency;
			package = 451BEF8D2A01B3EF00BC422B /* XCRemoteSwiftPackageReference "firebase-ios-sdk" */;
			productName = FirebaseFirestore;
		};
		451BEFA02A01B3EF00BC422B /* FirebaseFirestoreSwift */ = {
			isa = XCSwiftPackageProductDependency;
			package = 451BEF8D2A01B3EF00BC422B /* XCRemoteSwiftPackageReference "firebase-ios-sdk" */;
			productName = FirebaseFirestoreSwift;
		};
		451BEFA22A01B3EF00BC422B /* FirebaseFunctions */ = {
			isa = XCSwiftPackageProductDependency;
			package = 451BEF8D2A01B3EF00BC422B /* XCRemoteSwiftPackageReference "firebase-ios-sdk" */;
			productName = FirebaseFunctions;
		};
		451BEFA42A01B3EF00BC422B /* FirebaseInstallations */ = {
			isa = XCSwiftPackageProductDependency;
			package = 451BEF8D2A01B3EF00BC422B /* XCRemoteSwiftPackageReference "firebase-ios-sdk" */;
			productName = FirebaseInstallations;
		};
		451BEFA62A01B3EF00BC422B /* FirebaseMessaging */ = {
			isa = XCSwiftPackageProductDependency;
			package = 451BEF8D2A01B3EF00BC422B /* XCRemoteSwiftPackageReference "firebase-ios-sdk" */;
			productName = FirebaseMessaging;
		};
		451BEFA82A01B3EF00BC422B /* FirebasePerformance */ = {
			isa = XCSwiftPackageProductDependency;
			package = 451BEF8D2A01B3EF00BC422B /* XCRemoteSwiftPackageReference "firebase-ios-sdk" */;
			productName = FirebasePerformance;
		};
		451BEFAA2A01B3EF00BC422B /* FirebaseRemoteConfig */ = {
			isa = XCSwiftPackageProductDependency;
			package = 451BEF8D2A01B3EF00BC422B /* XCRemoteSwiftPackageReference "firebase-ios-sdk" */;
			productName = FirebaseRemoteConfig;
		};
		451BEFAC2A01B3EF00BC422B /* FirebaseRemoteConfigSwift */ = {
			isa = XCSwiftPackageProductDependency;
			package = 451BEF8D2A01B3EF00BC422B /* XCRemoteSwiftPackageReference "firebase-ios-sdk" */;
			productName = FirebaseRemoteConfigSwift;
		};
		451BEFAE2A01B3EF00BC422B /* FirebaseStorage */ = {
			isa = XCSwiftPackageProductDependency;
			package = 451BEF8D2A01B3EF00BC422B /* XCRemoteSwiftPackageReference "firebase-ios-sdk" */;
			productName = FirebaseStorage;
		};
/* End XCSwiftPackageProductDependency section */
	};
	rootObject = 451BEF562A01B33600BC422B /* Project object */;
}
